
Microsoft Visual Studio Solution File, Format Version 12.00
# Visual Studio 2012
Project("{FAE04EC0-301F-11D3-BF4B-00C04F79EFBC}") = "CloudCord", "CloudCord\CloudCord.csproj", "{DAD69B4C-4ABB-407B-8F20-2DAEB191B2CC}"
EndProject
Global
	GlobalSection(SolutionConfigurationPlatforms) = preSolution
		Debug|Any CPU = Debug|Any CPU
		Release|Any CPU = Release|Any CPU
	EndGlobalSection
	GlobalSection(ProjectConfigurationPlatforms) = postSolution
		{DAD69B4C-4ABB-407B-8F20-2DAEB191B2CC}.Debug|Any CPU.ActiveCfg = Debug|Any CPU
		{DAD69B4C-4ABB-407B-8F20-2DAEB191B2CC}.Debug|Any CPU.Build.0 = Debug|Any CPU
		{DAD69B4C-4ABB-407B-8F20-2DAEB191B2CC}.Release|Any CPU.ActiveCfg = Release|Any CPU
		{DAD69B4C-4ABB-407B-8F20-2DAEB191B2CC}.Release|Any CPU.Build.0 = Release|Any CPU
	EndGlobalSection
	GlobalSection(SolutionProperties) = preSolution
		HideSolutionNode = FALSE
	EndGlobalSection
EndGlobal
